
Microsoft Visual Studio Solution File, Format Version 12.00
# Visual Studio Version 17
VisualStudioVersion = 17.5.33627.172
MinimumVisualStudioVersion = 10.0.40219.1
Project("{9A19103F-16F7-4668-BE54-9A1E7A4F7556}") = "WebAPI", "src\CarrinhoDeComprasAPI\WebAPI.csproj", "{E62B0C47-2380-4644-BA6A-7EA2B6DD630C}"
EndProject
Project("{9A19103F-16F7-4668-BE54-9A1E7A4F7556}") = "Domain", "src\Domain\Domain.csproj", "{1A28BF17-E664-45A9-8F69-E78CFC82492B}"
EndProject
Project("{9A19103F-16F7-4668-BE54-9A1E7A4F7556}") = "Infra", "src\Infra\Infra.csproj", "{9061A397-1BB1-4823-BB84-953DDD68516B}"
EndProject
Global
	GlobalSection(SolutionConfigurationPlatforms) = preSolution
		Debug|Any CPU = Debug|Any CPU
		Release|Any CPU = Release|Any CPU
	EndGlobalSection
	GlobalSection(ProjectConfigurationPlatforms) = postSolution
		{E62B0C47-2380-4644-BA6A-7EA2B6DD630C}.Debug|Any CPU.ActiveCfg = Debug|Any CPU
		{E62B0C47-2380-4644-BA6A-7EA2B6DD630C}.Debug|Any CPU.Build.0 = Debug|Any CPU
		{E62B0C47-2380-4644-BA6A-7EA2B6DD630C}.Release|Any CPU.ActiveCfg = Release|Any CPU
		{E62B0C47-2380-4644-BA6A-7EA2B6DD630C}.Release|Any CPU.Build.0 = Release|Any CPU
		{1A28BF17-E664-45A9-8F69-E78CFC82492B}.Debug|Any CPU.ActiveCfg = Debug|Any CPU
		{1A28BF17-E664-45A9-8F69-E78CFC82492B}.Debug|Any CPU.Build.0 = Debug|Any CPU
		{1A28BF17-E664-45A9-8F69-E78CFC82492B}.Release|Any CPU.ActiveCfg = Release|Any CPU
		{1A28BF17-E664-45A9-8F69-E78CFC82492B}.Release|Any CPU.Build.0 = Release|Any CPU
		{9061A397-1BB1-4823-BB84-953DDD68516B}.Debug|Any CPU.ActiveCfg = Debug|Any CPU
		{9061A397-1BB1-4823-BB84-953DDD68516B}.Debug|Any CPU.Build.0 = Debug|Any CPU
		{9061A397-1BB1-4823-BB84-953DDD68516B}.Release|Any CPU.ActiveCfg = Release|Any CPU
		{9061A397-1BB1-4823-BB84-953DDD68516B}.Release|Any CPU.Build.0 = Release|Any CPU
	EndGlobalSection
	GlobalSection(SolutionProperties) = preSolution
		HideSolutionNode = FALSE
	EndGlobalSection
	GlobalSection(ExtensibilityGlobals) = postSolution
		SolutionGuid = {39E752A6-BE82-40A5-BFFF-38536E79B4EE}
	EndGlobalSection
EndGlobal
